
Microsoft Visual Studio Solution File, Format Version 12.00
# Visual Studio Version 16
VisualStudioVersion = 16.0.29102.190
MinimumVisualStudioVersion = 10.0.40219.1
Project("{2150E333-8FDC-42A3-9474-1A3956D46DE8}") = "Common", "Common", "{AB5E1580-14C3-4A1F-B530-304616A66666}"
EndProject
Project("{2150E333-8FDC-42A3-9474-1A3956D46DE8}") = "UI", "UI", "{2CF3F1AF-71C9-43AC-8F72-9DF5ACDBE406}"
EndProject
Project("{2150E333-8FDC-42A3-9474-1A3956D46DE8}") = "Services", "Services", "{773B1720-6DF1-4A6D-8D50-59E173E322CF}"
EndProject
Project("{9A19103F-16F7-4668-BE54-9A1E7A4F7556}") = "WebStore.DomainNew", "Common\WebStore.DomainNew\WebStore.DomainNew.csproj", "{0AE91390-C46B-433C-9A52-2F14EA60E836}"
EndProject
Project("{9A19103F-16F7-4668-BE54-9A1E7A4F7556}") = "WebStore", "UI\WebStore\WebStore.csproj", "{348D1C5A-4A67-4696-BB7D-3C45055EF521}"
EndProject
Project("{9A19103F-16F7-4668-BE54-9A1E7A4F7556}") = "WebStore.DAL", "Services\WebStore.DAL\WebStore.DAL.csproj", "{68EDA591-8D1D-4AC7-B8B6-BF0178E1669E}"
EndProject
Project("{FAE04EC0-301F-11D3-BF4B-00C04F79EFBC}") = "WebStore.ServiceHosting", "Services\WebStore.ServiceHosting\WebStore.ServiceHosting.csproj", "{C41343F4-E077-46EB-AAD9-EAD4075FB20C}"
EndProject
Project("{FAE04EC0-301F-11D3-BF4B-00C04F79EFBC}") = "WebStore.Services", "Services\WebStore.Services\WebStore.Services.csproj", "{8AEE86C8-B0A0-4B31-8260-FEC71E81F149}"
EndProject
Project("{FAE04EC0-301F-11D3-BF4B-00C04F79EFBC}") = "WebStore.Interface", "Services\WebStore.Interface\WebStore.Interface.csproj", "{F1702C4C-FDCE-4750-B383-B20E88B0640D}"
EndProject
Project("{FAE04EC0-301F-11D3-BF4B-00C04F79EFBC}") = "WebStore.Clients", "Services\WebStore.Clients\WebStore.Clients.csproj", "{63F40E78-F030-4B22-A14D-D9DA0FA75F80}"
EndProject
Global
	GlobalSection(SolutionConfigurationPlatforms) = preSolution
		Debug|Any CPU = Debug|Any CPU
		Release|Any CPU = Release|Any CPU
	EndGlobalSection
	GlobalSection(ProjectConfigurationPlatforms) = postSolution
		{0AE91390-C46B-433C-9A52-2F14EA60E836}.Debug|Any CPU.ActiveCfg = Debug|Any CPU
		{0AE91390-C46B-433C-9A52-2F14EA60E836}.Debug|Any CPU.Build.0 = Debug|Any CPU
		{0AE91390-C46B-433C-9A52-2F14EA60E836}.Release|Any CPU.ActiveCfg = Release|Any CPU
		{0AE91390-C46B-433C-9A52-2F14EA60E836}.Release|Any CPU.Build.0 = Release|Any CPU
		{348D1C5A-4A67-4696-BB7D-3C45055EF521}.Debug|Any CPU.ActiveCfg = Debug|Any CPU
		{348D1C5A-4A67-4696-BB7D-3C45055EF521}.Debug|Any CPU.Build.0 = Debug|Any CPU
		{348D1C5A-4A67-4696-BB7D-3C45055EF521}.Release|Any CPU.ActiveCfg = Release|Any CPU
		{348D1C5A-4A67-4696-BB7D-3C45055EF521}.Release|Any CPU.Build.0 = Release|Any CPU
		{68EDA591-8D1D-4AC7-B8B6-BF0178E1669E}.Debug|Any CPU.ActiveCfg = Debug|Any CPU
		{68EDA591-8D1D-4AC7-B8B6-BF0178E1669E}.Debug|Any CPU.Build.0 = Debug|Any CPU
		{68EDA591-8D1D-4AC7-B8B6-BF0178E1669E}.Release|Any CPU.ActiveCfg = Release|Any CPU
		{68EDA591-8D1D-4AC7-B8B6-BF0178E1669E}.Release|Any CPU.Build.0 = Release|Any CPU
		{C41343F4-E077-46EB-AAD9-EAD4075FB20C}.Debug|Any CPU.ActiveCfg = Debug|Any CPU
		{C41343F4-E077-46EB-AAD9-EAD4075FB20C}.Debug|Any CPU.Build.0 = Debug|Any CPU
		{C41343F4-E077-46EB-AAD9-EAD4075FB20C}.Release|Any CPU.ActiveCfg = Release|Any CPU
		{C41343F4-E077-46EB-AAD9-EAD4075FB20C}.Release|Any CPU.Build.0 = Release|Any CPU
		{8AEE86C8-B0A0-4B31-8260-FEC71E81F149}.Debug|Any CPU.ActiveCfg = Debug|Any CPU
		{8AEE86C8-B0A0-4B31-8260-FEC71E81F149}.Debug|Any CPU.Build.0 = Debug|Any CPU
		{8AEE86C8-B0A0-4B31-8260-FEC71E81F149}.Release|Any CPU.ActiveCfg = Release|Any CPU
		{8AEE86C8-B0A0-4B31-8260-FEC71E81F149}.Release|Any CPU.Build.0 = Release|Any CPU
		{F1702C4C-FDCE-4750-B383-B20E88B0640D}.Debug|Any CPU.ActiveCfg = Debug|Any CPU
		{F1702C4C-FDCE-4750-B383-B20E88B0640D}.Debug|Any CPU.Build.0 = Debug|Any CPU
		{F1702C4C-FDCE-4750-B383-B20E88B0640D}.Release|Any CPU.ActiveCfg = Release|Any CPU
		{F1702C4C-FDCE-4750-B383-B20E88B0640D}.Release|Any CPU.Build.0 = Release|Any CPU
		{63F40E78-F030-4B22-A14D-D9DA0FA75F80}.Debug|Any CPU.ActiveCfg = Debug|Any CPU
		{63F40E78-F030-4B22-A14D-D9DA0FA75F80}.Debug|Any CPU.Build.0 = Debug|Any CPU
		{63F40E78-F030-4B22-A14D-D9DA0FA75F80}.Release|Any CPU.ActiveCfg = Release|Any CPU
		{63F40E78-F030-4B22-A14D-D9DA0FA75F80}.Release|Any CPU.Build.0 = Release|Any CPU
	EndGlobalSection
	GlobalSection(SolutionProperties) = preSolution
		HideSolutionNode = FALSE
	EndGlobalSection
	GlobalSection(NestedProjects) = preSolution
		{0AE91390-C46B-433C-9A52-2F14EA60E836} = {AB5E1580-14C3-4A1F-B530-304616A66666}
		{348D1C5A-4A67-4696-BB7D-3C45055EF521} = {2CF3F1AF-71C9-43AC-8F72-9DF5ACDBE406}
		{68EDA591-8D1D-4AC7-B8B6-BF0178E1669E} = {773B1720-6DF1-4A6D-8D50-59E173E322CF}
		{C41343F4-E077-46EB-AAD9-EAD4075FB20C} = {773B1720-6DF1-4A6D-8D50-59E173E322CF}
		{8AEE86C8-B0A0-4B31-8260-FEC71E81F149} = {773B1720-6DF1-4A6D-8D50-59E173E322CF}
		{F1702C4C-FDCE-4750-B383-B20E88B0640D} = {773B1720-6DF1-4A6D-8D50-59E173E322CF}
		{63F40E78-F030-4B22-A14D-D9DA0FA75F80} = {773B1720-6DF1-4A6D-8D50-59E173E322CF}
	EndGlobalSection
	GlobalSection(ExtensibilityGlobals) = postSolution
		SolutionGuid = {67CEA8A4-AAD9-462E-970E-D153C0AA8C40}
	EndGlobalSection
EndGlobal
